{
   "name": "create-twinit-app",
   "version": "3.1.12",
   "lockfileVersion": 3,
   "requires": true,
   "packages": {
      "": {
         "name": "create-twinit-app",
         "version": "3.1.12",
         "license": "Apache-2.0",
         "dependencies": {
            "adm-zip": "0.6.1",
            "read": "3.0.1"
         },
         "bin": {
            "create-twinit-app": "bin/index.js"
         }
      },
      "node_modules/adm-zip": {
         "version": "0.6.1",
         "resolved": "https://registry.npmjs.org/adm-zip/-/adm-zip-0.6.1.tgz",
         "integrity": "sha512-Xwrja8nx9e5o2N1my4DsKCeKpdrnACyr1wtbPxBDgGzKzKyE9kRtBFA8mWldI+RVlD7CBZNWY/wQ2+ydwOR6kQ==",
         "license": "MIT",
         "engines": {
            "node": ">=14.0"
         }
      },
      "node_modules/mute-stream": {
         "version": "1.0.0",
         "resolved": "https://registry.npmjs.org/mute-stream/-/mute-stream-1.0.0.tgz",
         "integrity": "sha512-avsJQhyd+680gKXyG/sQc0nXaC6rBkPOfyHYcFb9+hdkqQkR9bdnkJ0AMZhke0oesPqIO+mFFJ+IdBc7mst4IA==",
         "license": "ISC",
         "engines": {
            "node": "^14.17.0 || ^16.13.0 || >=18.0.0"
         }
      },
      "node_modules/read": {
         "version": "3.0.1",
         "resolved": "https://registry.npmjs.org/read/-/read-3.0.1.tgz",
         "integrity": "sha512-SLBrDU/Srs/9EoWhU5GdbAoxG1GzpQHo/6qiGItaoLJ1thmYpcNIM1qISEUvyHBzfGlWIyd6p2DNi1oV1VmAuw==",
         "license": "ISC",
         "dependencies": {
            "mute-stream": "^1.0.0"
         },
         "engines": {
            "node": "^14.17.0 || ^16.13.0 || >=18.0.0"
         }
      }
   }
}
